// !$*UTF8*$!
{
	archiveVersion = 1;
	classes = {
	};
	objectVersion = 56;
	objects = {

/* Begin PBXBuildFile section */
		BE0F94FF2BC5537800D818DF /* CubeFlowLayout.swift in Sources */ = {isa = PBXBuildFile; fileRef = BE0F94FE2BC5537800D818DF /* CubeFlowLayout.swift */; };
		BE0F95032BC55B1100D818DF /* WheelLayout.swift in Sources */ = {isa = PBXBuildFile; fileRef = BE0F95022BC55B1100D818DF /* WheelLayout.swift */; };
		BE0F95072BC5896200D818DF /* FlowLayoutController.swift in Sources */ = {isa = PBXBuildFile; fileRef = BE0F95062BC5896200D818DF /* FlowLayoutController.swift */; };
		BE0F950F2BC58DD300D818DF /* WheelLayoutController.swift in Sources */ = {isa = PBXBuildFile; fileRef = BE0F950E2BC58DD300D818DF /* WheelLayoutController.swift */; };
		BE0F95112BC5969C00D818DF /* CompositionalLayoutController.swift in Sources */ = {isa = PBXBuildFile; fileRef = BE0F95102BC5969C00D818DF /* CompositionalLayoutController.swift */; };
		BE7F175C2BC990CD00DBE85F /* CubeLayoutController.swift in Sources */ = {isa = PBXBuildFile; fileRef = BE7F175B2BC990CD00DBE85F /* CubeLayoutController.swift */; };
		BE7F175F2BC9911400DBE85F /* CubeCollectionCell.swift in Sources */ = {isa = PBXBuildFile; fileRef = BE7F175E2BC9911400DBE85F /* CubeCollectionCell.swift */; };
		BE7F17612BC9955B00DBE85F /* CubeLayoutAttributes.swift in Sources */ = {isa = PBXBuildFile; fileRef = BE7F17602BC9955B00DBE85F /* CubeLayoutAttributes.swift */; };
		BE7F17632BC9AABA00DBE85F /* WheelCollectionCell.swift in Sources */ = {isa = PBXBuildFile; fileRef = BE7F17622BC9AABA00DBE85F /* WheelCollectionCell.swift */; };
		BE7F17652BC9ABF800DBE85F /* WheeAttributes.swift in Sources */ = {isa = PBXBuildFile; fileRef = BE7F17642BC9ABF800DBE85F /* WheeAttributes.swift */; };
		BE7F6D2D2BBD6346004DF6E1 /* AppDelegate.swift in Sources */ = {isa = PBXBuildFile; fileRef = BE7F6D2C2BBD6346004DF6E1 /* AppDelegate.swift */; };
		BE7F6D2F2BBD6346004DF6E1 /* SceneDelegate.swift in Sources */ = {isa = PBXBuildFile; fileRef = BE7F6D2E2BBD6346004DF6E1 /* SceneDelegate.swift */; };
		BE7F6D362BBD6347004DF6E1 /* Assets.xcassets in Resources */ = {isa = PBXBuildFile; fileRef = BE7F6D352BBD6347004DF6E1 /* Assets.xcassets */; };
		BE7F6D392BBD6347004DF6E1 /* LaunchScreen.storyboard in Resources */ = {isa = PBXBuildFile; fileRef = BE7F6D372BBD6347004DF6E1 /* LaunchScreen.storyboard */; };
/* End PBXBuildFile section */

/* Begin PBXFileReference section */
		BE0F94FE2BC5537800D818DF /* CubeFlowLayout.swift */ = {isa = PBXFileReference; lastKnownFileType = sourcecode.swift; path = CubeFlowLayout.swift; sourceTree = "<group>"; };
		BE0F95022BC55B1100D818DF /* WheelLayout.swift */ = {isa = PBXFileReference; lastKnownFileType = sourcecode.swift; path = WheelLayout.swift; sourceTree = "<group>"; };
		BE0F95062BC5896200D818DF /* FlowLayoutController.swift */ = {isa = PBXFileReference; lastKnownFileType = sourcecode.swift; path = FlowLayoutController.swift; sourceTree = "<group>"; };
		BE0F950E2BC58DD300D818DF /* WheelLayoutController.swift */ = {isa = PBXFileReference; lastKnownFileType = sourcecode.swift; path = WheelLayoutController.swift; sourceTree = "<group>"; };
		BE0F95102BC5969C00D818DF /* CompositionalLayoutController.swift */ = {isa = PBXFileReference; lastKnownFileType = sourcecode.swift; path = CompositionalLayoutController.swift; sourceTree = "<group>"; };
		BE7F175B2BC990CD00DBE85F /* CubeLayoutController.swift */ = {isa = PBXFileReference; lastKnownFileType = sourcecode.swift; path = CubeLayoutController.swift; sourceTree = "<group>"; };
		BE7F175E2BC9911400DBE85F /* CubeCollectionCell.swift */ = {isa = PBXFileReference; lastKnownFileType = sourcecode.swift; path = CubeCollectionCell.swift; sourceTree = "<group>"; };
		BE7F17602BC9955B00DBE85F /* CubeLayoutAttributes.swift */ = {isa = PBXFileReference; lastKnownFileType = sourcecode.swift; path = CubeLayoutAttributes.swift; sourceTree = "<group>"; };
		BE7F17622BC9AABA00DBE85F /* WheelCollectionCell.swift */ = {isa = PBXFileReference; lastKnownFileType = sourcecode.swift; path = WheelCollectionCell.swift; sourceTree = "<group>"; };
		BE7F17642BC9ABF800DBE85F /* WheeAttributes.swift */ = {isa = PBXFileReference; lastKnownFileType = sourcecode.swift; path = WheeAttributes.swift; sourceTree = "<group>"; };
		BE7F6D292BBD6346004DF6E1 /* CollectionViewGuide.app */ = {isa = PBXFileReference; explicitFileType = wrapper.application; includeInIndex = 0; path = CollectionViewGuide.app; sourceTree = BUILT_PRODUCTS_DIR; };
		BE7F6D2C2BBD6346004DF6E1 /* AppDelegate.swift */ = {isa = PBXFileReference; lastKnownFileType = sourcecode.swift; path = AppDelegate.swift; sourceTree = "<group>"; };
		BE7F6D2E2BBD6346004DF6E1 /* SceneDelegate.swift */ = {isa = PBXFileReference; lastKnownFileType = sourcecode.swift; path = SceneDelegate.swift; sourceTree = "<group>"; };
		BE7F6D352BBD6347004DF6E1 /* Assets.xcassets */ = {isa = PBXFileReference; lastKnownFileType = folder.assetcatalog; path = Assets.xcassets; sourceTree = "<group>"; };
		BE7F6D382BBD6347004DF6E1 /* Base */ = {isa = PBXFileReference; lastKnownFileType = file.storyboard; name = Base; path = Base.lproj/LaunchScreen.storyboard; sourceTree = "<group>"; };
		BE7F6D3A2BBD6347004DF6E1 /* Info.plist */ = {isa = PBXFileReference; lastKnownFileType = text.plist.xml; path = Info.plist; sourceTree = "<group>"; };
/* End PBXFileReference section */

/* Begin PBXFrameworksBuildPhase section */
		BE7F6D262BBD6346004DF6E1 /* Frameworks */ = {
			isa = PBXFrameworksBuildPhase;
			buildActionMask = 2147483647;
			files = (
			);
			runOnlyForDeploymentPostprocessing = 0;
		};
/* End PBXFrameworksBuildPhase section */

/* Begin PBXGroup section */
		BE7F17552BC98AD800DBE85F /* Wheel */ = {
			isa = PBXGroup;
			children = (
				BE0F950E2BC58DD300D818DF /* WheelLayoutController.swift */,
				BE0F95022BC55B1100D818DF /* WheelLayout.swift */,
				BE7F17622BC9AABA00DBE85F /* WheelCollectionCell.swift */,
				BE7F17642BC9ABF800DBE85F /* WheeAttributes.swift */,
			);
			path = Wheel;
			sourceTree = "<group>";
		};
		BE7F17572BC98AE000DBE85F /* Cube */ = {
			isa = PBXGroup;
			children = (
				BE0F94FE2BC5537800D818DF /* CubeFlowLayout.swift */,
				BE7F175B2BC990CD00DBE85F /* CubeLayoutController.swift */,
				BE7F175E2BC9911400DBE85F /* CubeCollectionCell.swift */,
				BE7F17602BC9955B00DBE85F /* CubeLayoutAttributes.swift */,
			);
			path = Cube;
			sourceTree = "<group>";
		};
		BE7F17582BC98AEF00DBE85F /* Compositional */ = {
			isa = PBXGroup;
			children = (
				BE0F95102BC5969C00D818DF /* CompositionalLayoutController.swift */,
			);
			path = Compositional;
			sourceTree = "<group>";
		};
		BE7F17592BC98FC400DBE85F /* FlowLayout */ = {
			isa = PBXGroup;
			children = (
				BE0F95062BC5896200D818DF /* FlowLayoutController.swift */,
			);
			path = FlowLayout;
			sourceTree = "<group>";
		};
		BE7F175A2BC98FCD00DBE85F /* Application */ = {
			isa = PBXGroup;
			children = (
				BE7F6D2C2BBD6346004DF6E1 /* AppDelegate.swift */,
				BE7F6D2E2BBD6346004DF6E1 /* SceneDelegate.swift */,
			);
			path = Application;
			sourceTree = "<group>";
		};
		BE7F6D202BBD6346004DF6E1 = {
			isa = PBXGroup;
			children = (
				BE7F6D2B2BBD6346004DF6E1 /* CollectionViewGuide */,
				BE7F6D2A2BBD6346004DF6E1 /* Products */,
			);
			sourceTree = "<group>";
		};
		BE7F6D2A2BBD6346004DF6E1 /* Products */ = {
			isa = PBXGroup;
			children = (
				BE7F6D292BBD6346004DF6E1 /* CollectionViewGuide.app */,
			);
			name = Products;
			sourceTree = "<group>";
		};
		BE7F6D2B2BBD6346004DF6E1 /* CollectionViewGuide */ = {
			isa = PBXGroup;
			children = (
				BE7F175A2BC98FCD00DBE85F /* Application */,
				BE7F17592BC98FC400DBE85F /* FlowLayout */,
				BE7F17582BC98AEF00DBE85F /* Compositional */,
				BE7F17572BC98AE000DBE85F /* Cube */,
				BE7F17552BC98AD800DBE85F /* Wheel */,
				BE7F6D352BBD6347004DF6E1 /* Assets.xcassets */,
				BE7F6D372BBD6347004DF6E1 /* LaunchScreen.storyboard */,
				BE7F6D3A2BBD6347004DF6E1 /* Info.plist */,
			);
			path = CollectionViewGuide;
			sourceTree = "<group>";
		};
/* End PBXGroup section */

/* Begin PBXNativeTarget section */
		BE7F6D282BBD6346004DF6E1 /* CollectionViewGuide */ = {
			isa = PBXNativeTarget;
			buildConfigurationList = BE7F6D3D2BBD6347004DF6E1 /* Build configuration list for PBXNativeTarget "CollectionViewGuide" */;
			buildPhases = (
				BE7F6D252BBD6346004DF6E1 /* Sources */,
				BE7F6D262BBD6346004DF6E1 /* Frameworks */,
				BE7F6D272BBD6346004DF6E1 /* Resources */,
			);
			buildRules = (
			);
			dependencies = (
			);
			name = CollectionViewGuide;
			productName = CollectionViewGuide;
			productReference = BE7F6D292BBD6346004DF6E1 /* CollectionViewGuide.app */;
			productType = "com.apple.product-type.application";
		};
/* End PBXNativeTarget section */

/* Begin PBXProject section */
		BE7F6D212BBD6346004DF6E1 /* Project object */ = {
			isa = PBXProject;
			attributes = {
				BuildIndependentTargetsInParallel = 1;
				LastSwiftUpdateCheck = 1520;
				LastUpgradeCheck = 1520;
				TargetAttributes = {
					BE7F6D282BBD6346004DF6E1 = {
						CreatedOnToolsVersion = 15.2;
					};
				};
			};
			buildConfigurationList = BE7F6D242BBD6346004DF6E1 /* Build configuration list for PBXProject "CollectionViewGuide" */;
			compatibilityVersion = "Xcode 14.0";
			developmentRegion = en;
			hasScannedForEncodings = 0;
			knownRegions = (
				en,
				Base,
			);
			mainGroup = BE7F6D202BBD6346004DF6E1;
			productRefGroup = BE7F6D2A2BBD6346004DF6E1 /* Products */;
			projectDirPath = "";
			projectRoot = "";
			targets = (
				BE7F6D282BBD6346004DF6E1 /* CollectionViewGuide */,
			);
		};
/* End PBXProject section */

/* Begin PBXResourcesBuildPhase section */
		BE7F6D272BBD6346004DF6E1 /* Resources */ = {
			isa = PBXResourcesBuildPhase;
			buildActionMask = 2147483647;
			files = (
				BE7F6D392BBD6347004DF6E1 /* LaunchScreen.storyboard in Resources */,
				BE7F6D362BBD6347004DF6E1 /* Assets.xcassets in Resources */,
			);
			runOnlyForDeploymentPostprocessing = 0;
		};
/* End PBXResourcesBuildPhase section */

/* Begin PBXSourcesBuildPhase section */
		BE7F6D252BBD6346004DF6E1 /* Sources */ = {
			isa = PBXSourcesBuildPhase;
			buildActionMask = 2147483647;
			files = (
				BE0F95072BC5896200D818DF /* FlowLayoutController.swift in Sources */,
				BE7F175F2BC9911400DBE85F /* CubeCollectionCell.swift in Sources */,
				BE0F94FF2BC5537800D818DF /* CubeFlowLayout.swift in Sources */,
				BE0F95032BC55B1100D818DF /* WheelLayout.swift in Sources */,
				BE7F17612BC9955B00DBE85F /* CubeLayoutAttributes.swift in Sources */,
				BE7F6D2D2BBD6346004DF6E1 /* AppDelegate.swift in Sources */,
				BE7F175C2BC990CD00DBE85F /* CubeLayoutController.swift in Sources */,
				BE7F17652BC9ABF800DBE85F /* WheeAttributes.swift in Sources */,
				BE7F17632BC9AABA00DBE85F /* WheelCollectionCell.swift in Sources */,
				BE0F95112BC5969C00D818DF /* CompositionalLayoutController.swift in Sources */,
				BE0F950F2BC58DD300D818DF /* WheelLayoutController.swift in Sources */,
				BE7F6D2F2BBD6346004DF6E1 /* SceneDelegate.swift in Sources */,
			);
			runOnlyForDeploymentPostprocessing = 0;
		};
/* End PBXSourcesBuildPhase section */

/* Begin PBXVariantGroup section */
		BE7F6D372BBD6347004DF6E1 /* LaunchScreen.storyboard */ = {
			isa = PBXVariantGroup;
			children = (
				BE7F6D382BBD6347004DF6E1 /* Base */,
			);
			name = LaunchScreen.storyboard;
			sourceTree = "<group>";
		};
/* End PBXVariantGroup section */

/* Begin XCBuildConfiguration section */
		BE7F6D3B2BBD6347004DF6E1 /* Debug */ = {
			isa = XCBuildConfiguration;
			buildSettings = {
				ALWAYS_SEARCH_USER_PATHS = NO;
				ASSETCATALOG_COMPILER_GENERATE_SWIFT_ASSET_SYMBOL_EXTENSIONS = YES;
				CLANG_ANALYZER_NONNULL = YES;
				CLANG_ANALYZER_NUMBER_OBJECT_CONVERSION = YES_AGGRESSIVE;
				CLANG_CXX_LANGUAGE_STANDARD = "gnu++20";
				CLANG_ENABLE_MODULES = YES;
				CLANG_ENABLE_OBJC_ARC = YES;
				CLANG_ENABLE_OBJC_WEAK = YES;
				CLANG_WARN_BLOCK_CAPTURE_AUTORELEASING = YES;
				CLANG_WARN_BOOL_CONVERSION = YES;
				CLANG_WARN_COMMA = YES;
				CLANG_WARN_CONSTANT_CONVERSION = YES;
				CLANG_WARN_DEPRECATED_OBJC_IMPLEMENTATIONS = YES;
				CLANG_WARN_DIRECT_OBJC_ISA_USAGE = YES_ERROR;
				CLANG_WARN_DOCUMENTATION_COMMENTS = YES;
				CLANG_WARN_EMPTY_BODY = YES;
				CLANG_WARN_ENUM_CONVERSION = YES;
				CLANG_WARN_INFINITE_RECURSION = YES;
				CLANG_WARN_INT_CONVERSION = YES;
				CLANG_WARN_NON_LITERAL_NULL_CONVERSION = YES;
				CLANG_WARN_OBJC_IMPLICIT_RETAIN_SELF = YES;
				CLANG_WARN_OBJC_LITERAL_CONVERSION = YES;
				CLANG_WARN_OBJC_ROOT_CLASS = YES_ERROR;
				CLANG_WARN_QUOTED_INCLUDE_IN_FRAMEWORK_HEADER = YES;
				CLANG_WARN_RANGE_LOOP_ANALYSIS = YES;
				CLANG_WARN_STRICT_PROTOTYPES = YES;
				CLANG_WARN_SUSPICIOUS_MOVE = YES;
				CLANG_WARN_UNGUARDED_AVAILABILITY = YES_AGGRESSIVE;
				CLANG_WARN_UNREACHABLE_CODE = YES;
				CLANG_WARN__DUPLICATE_METHOD_MATCH = YES;
				COPY_PHASE_STRIP = NO;
				DEBUG_INFORMATION_FORMAT = dwarf;
				ENABLE_STRICT_OBJC_MSGSEND = YES;
				ENABLE_TESTABILITY = YES;
				ENABLE_USER_SCRIPT_SANDBOXING = YES;
				GCC_C_LANGUAGE_STANDARD = gnu17;
				GCC_DYNAMIC_NO_PIC = NO;
				GCC_NO_COMMON_BLOCKS = YES;
				GCC_OPTIMIZATION_LEVEL = 0;
				GCC_PREPROCESSOR_DEFINITIONS = (
					"DEBUG=1",
					"$(inherited)",
				);
				GCC_WARN_64_TO_32_BIT_CONVERSION = YES;
				GCC_WARN_ABOUT_RETURN_TYPE = YES_ERROR;
				GCC_WARN_UNDECLARED_SELECTOR = YES;
				GCC_WARN_UNINITIALIZED_AUTOS = YES_AGGRESSIVE;
				GCC_WARN_UNUSED_FUNCTION = YES;
				GCC_WARN_UNUSED_VARIABLE = YES;
				IPHONEOS_DEPLOYMENT_TARGET = 17.2;
				LOCALIZATION_PREFERS_STRING_CATALOGS = YES;
				MTL_ENABLE_DEBUG_INFO = INCLUDE_SOURCE;
				MTL_FAST_MATH = YES;
				ONLY_ACTIVE_ARCH = YES;
				SDKROOT = iphoneos;
				SWIFT_ACTIVE_COMPILATION_CONDITIONS = "DEBUG $(inherited)";
				SWIFT_OPTIMIZATION_LEVEL = "-Onone";
			};
			name = Debug;
		};
		BE7F6D3C2BBD6347004DF6E1 /* Release */ = {
			isa = XCBuildConfiguration;
			buildSettings = {
				ALWAYS_SEARCH_USER_PATHS = NO;
				ASSETCATALOG_COMPILER_GENERATE_SWIFT_ASSET_SYMBOL_EXTENSIONS = YES;
				CLANG_ANALYZER_NONNULL = YES;
				CLANG_ANALYZER_NUMBER_OBJECT_CONVERSION = YES_AGGRESSIVE;
				CLANG_CXX_LANGUAGE_STANDARD = "gnu++20";
				CLANG_ENABLE_MODULES = YES;
				CLANG_ENABLE_OBJC_ARC = YES;
				CLANG_ENABLE_OBJC_WEAK = YES;
				CLANG_WARN_BLOCK_CAPTURE_AUTORELEASING = YES;
				CLANG_WARN_BOOL_CONVERSION = YES;
				CLANG_WARN_COMMA = YES;
				CLANG_WARN_CONSTANT_CONVERSION = YES;
				CLANG_WARN_DEPRECATED_OBJC_IMPLEMENTATIONS = YES;
				CLANG_WARN_DIRECT_OBJC_ISA_USAGE = YES_ERROR;
				CLANG_WARN_DOCUMENTATION_COMMENTS = YES;
				CLANG_WARN_EMPTY_BODY = YES;
				CLANG_WARN_ENUM_CONVERSION = YES;
				CLANG_WARN_INFINITE_RECURSION = YES;
				CLANG_WARN_INT_CONVERSION = YES;
				CLANG_WARN_NON_LITERAL_NULL_CONVERSION = YES;
				CLANG_WARN_OBJC_IMPLICIT_RETAIN_SELF = YES;
				CLANG_WARN_OBJC_LITERAL_CONVERSION = YES;
				CLANG_WARN_OBJC_ROOT_CLASS = YES_ERROR;
				CLANG_WARN_QUOTED_INCLUDE_IN_FRAMEWORK_HEADER = YES;
				CLANG_WARN_RANGE_LOOP_ANALYSIS = YES;
				CLANG_WARN_STRICT_PROTOTYPES = YES;
				CLANG_WARN_SUSPICIOUS_MOVE = YES;
				CLANG_WARN_UNGUARDED_AVAILABILITY = YES_AGGRESSIVE;
				CLANG_WARN_UNREACHABLE_CODE = YES;
				CLANG_WARN__DUPLICATE_METHOD_MATCH = YES;
				COPY_PHASE_STRIP = NO;
				DEBUG_INFORMATION_FORMAT = "dwarf-with-dsym";
				ENABLE_NS_ASSERTIONS = NO;
				ENABLE_STRICT_OBJC_MSGSEND = YES;
				ENABLE_USER_SCRIPT_SANDBOXING = YES;
				GCC_C_LANGUAGE_STANDARD = gnu17;
				GCC_NO_COMMON_BLOCKS = YES;
				GCC_WARN_64_TO_32_BIT_CONVERSION = YES;
				GCC_WARN_ABOUT_RETURN_TYPE = YES_ERROR;
				GCC_WARN_UNDECLARED_SELECTOR = YES;
				GCC_WARN_UNINITIALIZED_AUTOS = YES_AGGRESSIVE;
				GCC_WARN_UNUSED_FUNCTION = YES;
				GCC_WARN_UNUSED_VARIABLE = YES;
				IPHONEOS_DEPLOYMENT_TARGET = 17.2;
				LOCALIZATION_PREFERS_STRING_CATALOGS = YES;
				MTL_ENABLE_DEBUG_INFO = NO;
				MTL_FAST_MATH = YES;
				SDKROOT = iphoneos;
				SWIFT_COMPILATION_MODE = wholemodule;
				VALIDATE_PRODUCT = YES;
			};
			name = Release;
		};
		BE7F6D3E2BBD6347004DF6E1 /* Debug */ = {
			isa = XCBuildConfiguration;
			buildSettings = {
				ASSETCATALOG_COMPILER_APPICON_NAME = AppIcon;
				ASSETCATALOG_COMPILER_GLOBAL_ACCENT_COLOR_NAME = AccentColor;
				CODE_SIGN_STYLE = Automatic;
				CURRENT_PROJECT_VERSION = 1;
				DEVELOPMENT_TEAM = 489RNAA8R2;
				GENERATE_INFOPLIST_FILE = YES;
				INFOPLIST_FILE = CollectionViewGuide/Info.plist;
				INFOPLIST_KEY_UIApplicationSupportsIndirectInputEvents = YES;
				INFOPLIST_KEY_UILaunchStoryboardName = LaunchScreen;
				INFOPLIST_KEY_UISupportedInterfaceOrientations_iPad = "UIInterfaceOrientationPortrait UIInterfaceOrientationPortraitUpsideDown UIInterfaceOrientationLandscapeLeft UIInterfaceOrientationLandscapeRight";
				INFOPLIST_KEY_UISupportedInterfaceOrientations_iPhone = "UIInterfaceOrientationPortrait UIInterfaceOrientationLandscapeLeft UIInterfaceOrientationLandscapeRight";
				LD_RUNPATH_SEARCH_PATHS = (
					"$(inherited)",
					"@executable_path/Frameworks",
				);
				MARKETING_VERSION = 1.0;
				PRODUCT_BUNDLE_IDENTIFIER = ru.alexfilimon.CollectionViewGuide;
				PRODUCT_NAME = "$(TARGET_NAME)";
				SWIFT_EMIT_LOC_STRINGS = YES;
				SWIFT_VERSION = 5.0;
				TARGETED_DEVICE_FAMILY = "1,2";
			};
			name = Debug;
		};
		BE7F6D3F2BBD6347004DF6E1 /* Release */ = {
			isa = XCBuildConfiguration;
			buildSettings = {
				ASSETCATALOG_COMPILER_APPICON_NAME = AppIcon;
				ASSETCATALOG_COMPILER_GLOBAL_ACCENT_COLOR_NAME = AccentColor;
				CODE_SIGN_STYLE = Automatic;
				CURRENT_PROJECT_VERSION = 1;
				DEVELOPMENT_TEAM = 489RNAA8R2;
				GENERATE_INFOPLIST_FILE = YES;
				INFOPLIST_FILE = CollectionViewGuide/Info.plist;
				INFOPLIST_KEY_UIApplicationSupportsIndirectInputEvents = YES;
				INFOPLIST_KEY_UILaunchStoryboardName = LaunchScreen;
				INFOPLIST_KEY_UISupportedInterfaceOrientations_iPad = "UIInterfaceOrientationPortrait UIInterfaceOrientationPortraitUpsideDown UIInterfaceOrientationLandscapeLeft UIInterfaceOrientationLandscapeRight";
				INFOPLIST_KEY_UISupportedInterfaceOrientations_iPhone = "UIInterfaceOrientationPortrait UIInterfaceOrientationLandscapeLeft UIInterfaceOrientationLandscapeRight";
				LD_RUNPATH_SEARCH_PATHS = (
					"$(inherited)",
					"@executable_path/Frameworks",
				);
				MARKETING_VERSION = 1.0;
				PRODUCT_BUNDLE_IDENTIFIER = ru.alexfilimon.CollectionViewGuide;
				PRODUCT_NAME = "$(TARGET_NAME)";
				SWIFT_EMIT_LOC_STRINGS = YES;
				SWIFT_VERSION = 5.0;
				TARGETED_DEVICE_FAMILY = "1,2";
			};
			name = Release;
		};
/* End XCBuildConfiguration section */

/* Begin XCConfigurationList section */
		BE7F6D242BBD6346004DF6E1 /* Build configuration list for PBXProject "CollectionViewGuide" */ = {
			isa = XCConfigurationList;
			buildConfigurations = (
				BE7F6D3B2BBD6347004DF6E1 /* Debug */,
				BE7F6D3C2BBD6347004DF6E1 /* Release */,
			);
			defaultConfigurationIsVisible = 0;
			defaultConfigurationName = Release;
		};
		BE7F6D3D2BBD6347004DF6E1 /* Build configuration list for PBXNativeTarget "CollectionViewGuide" */ = {
			isa = XCConfigurationList;
			buildConfigurations = (
				BE7F6D3E2BBD6347004DF6E1 /* Debug */,
				BE7F6D3F2BBD6347004DF6E1 /* Release */,
			);
			defaultConfigurationIsVisible = 0;
			defaultConfigurationName = Release;
		};
/* End XCConfigurationList section */
	};
	rootObject = BE7F6D212BBD6346004DF6E1 /* Project object */;
}
